
Microsoft Visual Studio Solution File, Format Version 12.00
# Visual Studio Version 16
VisualStudioVersion = 16.0.29728.190
MinimumVisualStudioVersion = 10.0.40219.1
Project("{2150E333-8FDC-42A3-9474-1A3956D46DE8}") = "src", "src", "{21C6FC95-2382-4804-ACFF-6F648FB9AC51}"
EndProject
Project("{2150E333-8FDC-42A3-9474-1A3956D46DE8}") = "tests", "tests", "{1776B1BC-28A4-4651-BF2F-198ECCDB244D}"
EndProject
Project("{FAE04EC0-301F-11D3-BF4B-00C04F79EFBC}") = "DataTech.Infrastructure", "src\DataTech.Infrastructure\DataTech.Infrastructure.csproj", "{1565607D-9A96-44CD-826F-33F630C645E5}"
EndProject
Project("{FAE04EC0-301F-11D3-BF4B-00C04F79EFBC}") = "DataTech.Domain", "src\DataTech.Domain\DataTech.Domain.csproj", "{293D3050-7BBB-4E72-B5E6-991DBBA6F3E4}"
EndProject
Project("{FAE04EC0-301F-11D3-BF4B-00C04F79EFBC}") = "DataTech.UnitTests", "tests\DataTech.UnitTests\DataTech.UnitTests.csproj", "{CF1F3EDF-9602-4FBB-BE06-06E17A06424C}"
EndProject
Global
	GlobalSection(SolutionConfigurationPlatforms) = preSolution
		Debug|Any CPU = Debug|Any CPU
		Release|Any CPU = Release|Any CPU
	EndGlobalSection
	GlobalSection(ProjectConfigurationPlatforms) = postSolution
		{1565607D-9A96-44CD-826F-33F630C645E5}.Debug|Any CPU.ActiveCfg = Debug|Any CPU
		{1565607D-9A96-44CD-826F-33F630C645E5}.Debug|Any CPU.Build.0 = Debug|Any CPU
		{1565607D-9A96-44CD-826F-33F630C645E5}.Release|Any CPU.ActiveCfg = Release|Any CPU
		{1565607D-9A96-44CD-826F-33F630C645E5}.Release|Any CPU.Build.0 = Release|Any CPU
		{293D3050-7BBB-4E72-B5E6-991DBBA6F3E4}.Debug|Any CPU.ActiveCfg = Debug|Any CPU
		{293D3050-7BBB-4E72-B5E6-991DBBA6F3E4}.Debug|Any CPU.Build.0 = Debug|Any CPU
		{293D3050-7BBB-4E72-B5E6-991DBBA6F3E4}.Release|Any CPU.ActiveCfg = Release|Any CPU
		{293D3050-7BBB-4E72-B5E6-991DBBA6F3E4}.Release|Any CPU.Build.0 = Release|Any CPU
		{CF1F3EDF-9602-4FBB-BE06-06E17A06424C}.Debug|Any CPU.ActiveCfg = Debug|Any CPU
		{CF1F3EDF-9602-4FBB-BE06-06E17A06424C}.Debug|Any CPU.Build.0 = Debug|Any CPU
		{CF1F3EDF-9602-4FBB-BE06-06E17A06424C}.Release|Any CPU.ActiveCfg = Release|Any CPU
		{CF1F3EDF-9602-4FBB-BE06-06E17A06424C}.Release|Any CPU.Build.0 = Release|Any CPU
	EndGlobalSection
	GlobalSection(SolutionProperties) = preSolution
		HideSolutionNode = FALSE
	EndGlobalSection
	GlobalSection(NestedProjects) = preSolution
		{1565607D-9A96-44CD-826F-33F630C645E5} = {21C6FC95-2382-4804-ACFF-6F648FB9AC51}
		{293D3050-7BBB-4E72-B5E6-991DBBA6F3E4} = {21C6FC95-2382-4804-ACFF-6F648FB9AC51}
		{CF1F3EDF-9602-4FBB-BE06-06E17A06424C} = {1776B1BC-28A4-4651-BF2F-198ECCDB244D}
	EndGlobalSection
	GlobalSection(ExtensibilityGlobals) = postSolution
		SolutionGuid = {E3E73661-ABFA-40B5-A614-3ABF95AFE17B}
	EndGlobalSection
EndGlobal
